// !$*UTF8*$!
{
	archiveVersion = 1;
	classes = {
	};
	objectVersion = 46;
	objects = {

/* Begin PBXBuildFile section */
		342320D31C036BF000DA589E /* Pin.swift in Sources */ = {isa = PBXBuildFile; fileRef = 342320D21C036BF000DA589E /* Pin.swift */; };
		342320D51C036C3D00DA589E /* Photo.swift in Sources */ = {isa = PBXBuildFile; fileRef = 342320D41C036C3D00DA589E /* Photo.swift */; };
		342320D81C036F0600DA589E /* MapViewController.swift in Sources */ = {isa = PBXBuildFile; fileRef = 342320D71C036F0600DA589E /* MapViewController.swift */; };
		346C4D2D1C06239B00C8C336 /* PhotosViewController.swift in Sources */ = {isa = PBXBuildFile; fileRef = 346C4D2C1C06239B00C8C336 /* PhotosViewController.swift */; };
		346C4D311C0623CE00C8C336 /* CollectionViewCell.swift in Sources */ = {isa = PBXBuildFile; fileRef = 346C4D301C0623CE00C8C336 /* CollectionViewCell.swift */; };
		34FC69161BFF98C8000E4FBC /* AppDelegate.swift in Sources */ = {isa = PBXBuildFile; fileRef = 34FC69151BFF98C8000E4FBC /* AppDelegate.swift */; };
		34FC691B1BFF98C8000E4FBC /* Main.storyboard in Resources */ = {isa = PBXBuildFile; fileRef = 34FC69191BFF98C8000E4FBC /* Main.storyboard */; };
		34FC691E1BFF98C8000E4FBC /* Virtual_Tourist.xcdatamodeld in Sources */ = {isa = PBXBuildFile; fileRef = 34FC691C1BFF98C8000E4FBC /* Virtual_Tourist.xcdatamodeld */; };
		34FC69201BFF98C8000E4FBC /* Assets.xcassets in Resources */ = {isa = PBXBuildFile; fileRef = 34FC691F1BFF98C8000E4FBC /* Assets.xcassets */; };
		34FC69231BFF98C8000E4FBC /* LaunchScreen.storyboard in Resources */ = {isa = PBXBuildFile; fileRef = 34FC69211BFF98C8000E4FBC /* LaunchScreen.storyboard */; };
		34FC692B1BFF9906000E4FBC /* CoreDataStackManager.swift in Sources */ = {isa = PBXBuildFile; fileRef = 34FC692A1BFF9906000E4FBC /* CoreDataStackManager.swift */; };
		34FCD7C11C0CBE9A00F9A6BE /* Config.swift in Sources */ = {isa = PBXBuildFile; fileRef = 34FCD7C01C0CBE9A00F9A6BE /* Config.swift */; };
/* End PBXBuildFile section */

/* Begin PBXFileReference section */
		342320D21C036BF000DA589E /* Pin.swift */ = {isa = PBXFileReference; fileEncoding = 4; lastKnownFileType = sourcecode.swift; path = Pin.swift; sourceTree = "<group>"; };
		342320D41C036C3D00DA589E /* Photo.swift */ = {isa = PBXFileReference; fileEncoding = 4; lastKnownFileType = sourcecode.swift; path = Photo.swift; sourceTree = "<group>"; };
		342320D71C036F0600DA589E /* MapViewController.swift */ = {isa = PBXFileReference; fileEncoding = 4; lastKnownFileType = sourcecode.swift; path = MapViewController.swift; sourceTree = "<group>"; };
		346C4D2C1C06239B00C8C336 /* PhotosViewController.swift */ = {isa = PBXFileReference; fileEncoding = 4; lastKnownFileType = sourcecode.swift; path = PhotosViewController.swift; sourceTree = "<group>"; };
		346C4D301C0623CE00C8C336 /* CollectionViewCell.swift */ = {isa = PBXFileReference; fileEncoding = 4; lastKnownFileType = sourcecode.swift; path = CollectionViewCell.swift; sourceTree = "<group>"; };
		34FC69121BFF98C8000E4FBC /* Virtual Tourist.app */ = {isa = PBXFileReference; explicitFileType = wrapper.application; includeInIndex = 0; path = "Virtual Tourist.app"; sourceTree = BUILT_PRODUCTS_DIR; };
		34FC69151BFF98C8000E4FBC /* AppDelegate.swift */ = {isa = PBXFileReference; lastKnownFileType = sourcecode.swift; path = AppDelegate.swift; sourceTree = "<group>"; };
		34FC691A1BFF98C8000E4FBC /* Base */ = {isa = PBXFileReference; lastKnownFileType = file.storyboard; name = Base; path = Base.lproj/Main.storyboard; sourceTree = "<group>"; };
		34FC691D1BFF98C8000E4FBC /* Virtual_Tourist.xcdatamodel */ = {isa = PBXFileReference; lastKnownFileType = wrapper.xcdatamodel; path = Virtual_Tourist.xcdatamodel; sourceTree = "<group>"; };
		34FC691F1BFF98C8000E4FBC /* Assets.xcassets */ = {isa = PBXFileReference; lastKnownFileType = folder.assetcatalog; path = Assets.xcassets; sourceTree = "<group>"; };
		34FC69221BFF98C8000E4FBC /* Base */ = {isa = PBXFileReference; lastKnownFileType = file.storyboard; name = Base; path = Base.lproj/LaunchScreen.storyboard; sourceTree = "<group>"; };
		34FC69241BFF98C8000E4FBC /* Info.plist */ = {isa = PBXFileReference; lastKnownFileType = text.plist.xml; path = Info.plist; sourceTree = "<group>"; };
		34FC692A1BFF9906000E4FBC /* CoreDataStackManager.swift */ = {isa = PBXFileReference; fileEncoding = 4; lastKnownFileType = sourcecode.swift; path = CoreDataStackManager.swift; sourceTree = "<group>"; };
		34FCD7C01C0CBE9A00F9A6BE /* Config.swift */ = {isa = PBXFileReference; fileEncoding = 4; lastKnownFileType = sourcecode.swift; path = Config.swift; sourceTree = "<group>"; };
/* End PBXFileReference section */

/* Begin PBXFrameworksBuildPhase section */
		34FC690F1BFF98C8000E4FBC /* Frameworks */ = {
			isa = PBXFrameworksBuildPhase;
			buildActionMask = 2147483647;
			files = (
			);
			runOnlyForDeploymentPostprocessing = 0;
		};
/* End PBXFrameworksBuildPhase section */

/* Begin PBXGroup section */
		342320D61C036EF800DA589E /* Controllers */ = {
			isa = PBXGroup;
			children = (
				342320D71C036F0600DA589E /* MapViewController.swift */,
				346C4D2C1C06239B00C8C336 /* PhotosViewController.swift */,
				346C4D301C0623CE00C8C336 /* CollectionViewCell.swift */,
			);
			name = Controllers;
			sourceTree = "<group>";
		};
		342320D91C036F1200DA589E /* Model */ = {
			isa = PBXGroup;
			children = (
				34FC691C1BFF98C8000E4FBC /* Virtual_Tourist.xcdatamodeld */,
				34FC692A1BFF9906000E4FBC /* CoreDataStackManager.swift */,
				342320D41C036C3D00DA589E /* Photo.swift */,
				342320D21C036BF000DA589E /* Pin.swift */,
			);
			name = Model;
			sourceTree = "<group>";
		};
		342320DA1C036F1700DA589E /* Client */ = {
			isa = PBXGroup;
			children = (
			);
			name = Client;
			sourceTree = "<group>";
		};
		34FC69091BFF98C8000E4FBC = {
			isa = PBXGroup;
			children = (
				34FC69141BFF98C8000E4FBC /* Virtual Tourist */,
				34FC69131BFF98C8000E4FBC /* Products */,
			);
			sourceTree = "<group>";
		};
		34FC69131BFF98C8000E4FBC /* Products */ = {
			isa = PBXGroup;
			children = (
				34FC69121BFF98C8000E4FBC /* Virtual Tourist.app */,
			);
			name = Products;
			sourceTree = "<group>";
		};
		34FC69141BFF98C8000E4FBC /* Virtual Tourist */ = {
			isa = PBXGroup;
			children = (
				34FC69191BFF98C8000E4FBC /* Main.storyboard */,
				34FC69151BFF98C8000E4FBC /* AppDelegate.swift */,
				342320D91C036F1200DA589E /* Model */,
				342320DA1C036F1700DA589E /* Client */,
				342320D61C036EF800DA589E /* Controllers */,
				34FC691F1BFF98C8000E4FBC /* Assets.xcassets */,
				34FC69211BFF98C8000E4FBC /* LaunchScreen.storyboard */,
				34FC69241BFF98C8000E4FBC /* Info.plist */,
				34FCD7C01C0CBE9A00F9A6BE /* Config.swift */,
			);
			path = "Virtual Tourist";
			sourceTree = "<group>";
		};
/* End PBXGroup section */

/* Begin PBXNativeTarget section */
		34FC69111BFF98C8000E4FBC /* Virtual Tourist */ = {
			isa = PBXNativeTarget;
			buildConfigurationList = 34FC69271BFF98C8000E4FBC /* Build configuration list for PBXNativeTarget "Virtual Tourist" */;
			buildPhases = (
				34FC690E1BFF98C8000E4FBC /* Sources */,
				34FC690F1BFF98C8000E4FBC /* Frameworks */,
				34FC69101BFF98C8000E4FBC /* Resources */,
			);
			buildRules = (
			);
			dependencies = (
			);
			name = "Virtual Tourist";
			productName = "Virtual Tourist";
			productReference = 34FC69121BFF98C8000E4FBC /* Virtual Tourist.app */;
			productType = "com.apple.product-type.application";
		};
/* End PBXNativeTarget section */

/* Begin PBXProject section */
		34FC690A1BFF98C8000E4FBC /* Project object */ = {
			isa = PBXProject;
			attributes = {
				LastSwiftUpdateCheck = 0710;
				LastUpgradeCheck = 0710;
				ORGANIZATIONNAME = "Taylor Smith";
				TargetAttributes = {
					34FC69111BFF98C8000E4FBC = {
						CreatedOnToolsVersion = 7.1.1;
					};
				};
			};
			buildConfigurationList = 34FC690D1BFF98C8000E4FBC /* Build configuration list for PBXProject "Virtual Tourist" */;
			compatibilityVersion = "Xcode 3.2";
			developmentRegion = English;
			hasScannedForEncodings = 0;
			knownRegions = (
				en,
				Base,
			);
			mainGroup = 34FC69091BFF98C8000E4FBC;
			productRefGroup = 34FC69131BFF98C8000E4FBC /* Products */;
			projectDirPath = "";
			projectRoot = "";
			targets = (
				34FC69111BFF98C8000E4FBC /* Virtual Tourist */,
			);
		};
/* End PBXProject section */

/* Begin PBXResourcesBuildPhase section */
		34FC69101BFF98C8000E4FBC /* Resources */ = {
			isa = PBXResourcesBuildPhase;
			buildActionMask = 2147483647;
			files = (
				34FC69231BFF98C8000E4FBC /* LaunchScreen.storyboard in Resources */,
				34FC69201BFF98C8000E4FBC /* Assets.xcassets in Resources */,
				34FC691B1BFF98C8000E4FBC /* Main.storyboard in Resources */,
			);
			runOnlyForDeploymentPostprocessing = 0;
		};
/* End PBXResourcesBuildPhase section */

/* Begin PBXSourcesBuildPhase section */
		34FC690E1BFF98C8000E4FBC /* Sources */ = {
			isa = PBXSourcesBuildPhase;
			buildActionMask = 2147483647;
			files = (
				342320D51C036C3D00DA589E /* Photo.swift in Sources */,
				342320D31C036BF000DA589E /* Pin.swift in Sources */,
				34FCD7C11C0CBE9A00F9A6BE /* Config.swift in Sources */,
				346C4D311C0623CE00C8C336 /* CollectionViewCell.swift in Sources */,
				34FC692B1BFF9906000E4FBC /* CoreDataStackManager.swift in Sources */,
				34FC691E1BFF98C8000E4FBC /* Virtual_Tourist.xcdatamodeld in Sources */,
				346C4D2D1C06239B00C8C336 /* PhotosViewController.swift in Sources */,
				34FC69161BFF98C8000E4FBC /* AppDelegate.swift in Sources */,
				342320D81C036F0600DA589E /* MapViewController.swift in Sources */,
			);
			runOnlyForDeploymentPostprocessing = 0;
		};
/* End PBXSourcesBuildPhase section */

/* Begin PBXVariantGroup section */
		34FC69191BFF98C8000E4FBC /* Main.storyboard */ = {
			isa = PBXVariantGroup;
			children = (
				34FC691A1BFF98C8000E4FBC /* Base */,
			);
			name = Main.storyboard;
			sourceTree = "<group>";
		};
		34FC69211BFF98C8000E4FBC /* LaunchScreen.storyboard */ = {
			isa = PBXVariantGroup;
			children = (
				34FC69221BFF98C8000E4FBC /* Base */,
			);
			name = LaunchScreen.storyboard;
			sourceTree = "<group>";
		};
/* End PBXVariantGroup section */

/* Begin XCBuildConfiguration section */
		34FC69251BFF98C8000E4FBC /* Debug */ = {
			isa = XCBuildConfiguration;
			buildSettings = {
				ALWAYS_SEARCH_USER_PATHS = NO;
				CLANG_CXX_LANGUAGE_STANDARD = "gnu++0x";
				CLANG_CXX_LIBRARY = "libc++";
				CLANG_ENABLE_MODULES = YES;
				CLANG_ENABLE_OBJC_ARC = YES;
				CLANG_WARN_BOOL_CONVERSION = YES;
				CLANG_WARN_CONSTANT_CONVERSION = YES;
				CLANG_WARN_DIRECT_OBJC_ISA_USAGE = YES_ERROR;
				CLANG_WARN_EMPTY_BODY = YES;
				CLANG_WARN_ENUM_CONVERSION = YES;
				CLANG_WARN_INT_CONVERSION = YES;
				CLANG_WARN_OBJC_ROOT_CLASS = YES_ERROR;
				CLANG_WARN_UNREACHABLE_CODE = YES;
				CLANG_WARN__DUPLICATE_METHOD_MATCH = YES;
				"CODE_SIGN_IDENTITY[sdk=iphoneos*]" = "iPhone Developer";
				COPY_PHASE_STRIP = NO;
				DEBUG_INFORMATION_FORMAT = dwarf;
				ENABLE_STRICT_OBJC_MSGSEND = YES;
				ENABLE_TESTABILITY = YES;
				GCC_C_LANGUAGE_STANDARD = gnu99;
				GCC_DYNAMIC_NO_PIC = NO;
				GCC_NO_COMMON_BLOCKS = YES;
				GCC_OPTIMIZATION_LEVEL = 0;
				GCC_PREPROCESSOR_DEFINITIONS = (
					"DEBUG=1",
					"$(inherited)",
				);
				GCC_WARN_64_TO_32_BIT_CONVERSION = YES;
				GCC_WARN_ABOUT_RETURN_TYPE = YES_ERROR;
				GCC_WARN_UNDECLARED_SELECTOR = YES;
				GCC_WARN_UNINITIALIZED_AUTOS = YES_AGGRESSIVE;
				GCC_WARN_UNUSED_FUNCTION = YES;
				GCC_WARN_UNUSED_VARIABLE = YES;
				IPHONEOS_DEPLOYMENT_TARGET = 9.1;
				MTL_ENABLE_DEBUG_INFO = YES;
				ONLY_ACTIVE_ARCH = YES;
				SDKROOT = iphoneos;
				SWIFT_OPTIMIZATION_LEVEL = "-Onone";
			};
			name = Debug;
		};
		34FC69261BFF98C8000E4FBC /* Release */ = {
			isa = XCBuildConfiguration;
			buildSettings = {
				ALWAYS_SEARCH_USER_PATHS = NO;
				CLANG_CXX_LANGUAGE_STANDARD = "gnu++0x";
				CLANG_CXX_LIBRARY = "libc++";
				CLANG_ENABLE_MODULES = YES;
				CLANG_ENABLE_OBJC_ARC = YES;
				CLANG_WARN_BOOL_CONVERSION = YES;
				CLANG_WARN_CONSTANT_CONVERSION = YES;
				CLANG_WARN_DIRECT_OBJC_ISA_USAGE = YES_ERROR;
				CLANG_WARN_EMPTY_BODY = YES;
				CLANG_WARN_ENUM_CONVERSION = YES;
				CLANG_WARN_INT_CONVERSION = YES;
				CLANG_WARN_OBJC_ROOT_CLASS = YES_ERROR;
				CLANG_WARN_UNREACHABLE_CODE = YES;
				CLANG_WARN__DUPLICATE_METHOD_MATCH = YES;
				"CODE_SIGN_IDENTITY[sdk=iphoneos*]" = "iPhone Developer";
				COPY_PHASE_STRIP = NO;
				DEBUG_INFORMATION_FORMAT = "dwarf-with-dsym";
				ENABLE_NS_ASSERTIONS = NO;
				ENABLE_STRICT_OBJC_MSGSEND = YES;
				GCC_C_LANGUAGE_STANDARD = gnu99;
				GCC_NO_COMMON_BLOCKS = YES;
				GCC_WARN_64_TO_32_BIT_CONVERSION = YES;
				GCC_WARN_ABOUT_RETURN_TYPE = YES_ERROR;
				GCC_WARN_UNDECLARED_SELECTOR = YES;
				GCC_WARN_UNINITIALIZED_AUTOS = YES_AGGRESSIVE;
				GCC_WARN_UNUSED_FUNCTION = YES;
				GCC_WARN_UNUSED_VARIABLE = YES;
				IPHONEOS_DEPLOYMENT_TARGET = 9.1;
				MTL_ENABLE_DEBUG_INFO = NO;
				SDKROOT = iphoneos;
				VALIDATE_PRODUCT = YES;
			};
			name = Release;
		};
		34FC69281BFF98C8000E4FBC /* Debug */ = {
			isa = XCBuildConfiguration;
			buildSettings = {
				ASSETCATALOG_COMPILER_APPICON_NAME = AppIcon;
				INFOPLIST_FILE = "Virtual Tourist/Info.plist";
				LD_RUNPATH_SEARCH_PATHS = "$(inherited) @executable_path/Frameworks";
				PRODUCT_BUNDLE_IDENTIFIER = "com.looprecur.Virtual-Tourist";
				PRODUCT_NAME = "$(TARGET_NAME)";
			};
			name = Debug;
		};
		34FC69291BFF98C8000E4FBC /* Release */ = {
			isa = XCBuildConfiguration;
			buildSettings = {
				ASSETCATALOG_COMPILER_APPICON_NAME = AppIcon;
				INFOPLIST_FILE = "Virtual Tourist/Info.plist";
				LD_RUNPATH_SEARCH_PATHS = "$(inherited) @executable_path/Frameworks";
				PRODUCT_BUNDLE_IDENTIFIER = "com.looprecur.Virtual-Tourist";
				PRODUCT_NAME = "$(TARGET_NAME)";
			};
			name = Release;
		};
/* End XCBuildConfiguration section */

/* Begin XCConfigurationList section */
		34FC690D1BFF98C8000E4FBC /* Build configuration list for PBXProject "Virtual Tourist" */ = {
			isa = XCConfigurationList;
			buildConfigurations = (
				34FC69251BFF98C8000E4FBC /* Debug */,
				34FC69261BFF98C8000E4FBC /* Release */,
			);
			defaultConfigurationIsVisible = 0;
			defaultConfigurationName = Release;
		};
		34FC69271BFF98C8000E4FBC /* Build configuration list for PBXNativeTarget "Virtual Tourist" */ = {
			isa = XCConfigurationList;
			buildConfigurations = (
				34FC69281BFF98C8000E4FBC /* Debug */,
				34FC69291BFF98C8000E4FBC /* Release */,
			);
			defaultConfigurationIsVisible = 0;
			defaultConfigurationName = Release;
		};
/* End XCConfigurationList section */

/* Begin XCVersionGroup section */
		34FC691C1BFF98C8000E4FBC /* Virtual_Tourist.xcdatamodeld */ = {
			isa = XCVersionGroup;
			children = (
				34FC691D1BFF98C8000E4FBC /* Virtual_Tourist.xcdatamodel */,
			);
			currentVersion = 34FC691D1BFF98C8000E4FBC /* Virtual_Tourist.xcdatamodel */;
			path = Virtual_Tourist.xcdatamodeld;
			sourceTree = "<group>";
			versionGroupType = wrapper.xcdatamodel;
		};
/* End XCVersionGroup section */
	};
	rootObject = 34FC690A1BFF98C8000E4FBC /* Project object */;
}
